
Microsoft Visual Studio Solution File, Format Version 12.00
# Visual Studio 15
VisualStudioVersion = 15.0.27130.2036
MinimumVisualStudioVersion = 10.0.40219.1
Project("{FAE04EC0-301F-11D3-BF4B-00C04F79EFBC}") = "HW_Lesson4_BronashkoAV", "HW_Lesson4_BronashkoAV\HW_Lesson4_BronashkoAV.csproj", "{CFE00905-CBF8-4835-8ECB-D95866D64F59}"
EndProject
Global
	GlobalSection(SolutionConfigurationPlatforms) = preSolution
		Debug|Any CPU = Debug|Any CPU
		Release|Any CPU = Release|Any CPU
	EndGlobalSection
	GlobalSection(ProjectConfigurationPlatforms) = postSolution
		{CFE00905-CBF8-4835-8ECB-D95866D64F59}.Debug|Any CPU.ActiveCfg = Debug|Any CPU
		{CFE00905-CBF8-4835-8ECB-D95866D64F59}.Debug|Any CPU.Build.0 = Debug|Any CPU
		{CFE00905-CBF8-4835-8ECB-D95866D64F59}.Release|Any CPU.ActiveCfg = Release|Any CPU
		{CFE00905-CBF8-4835-8ECB-D95866D64F59}.Release|Any CPU.Build.0 = Release|Any CPU
	EndGlobalSection
	GlobalSection(SolutionProperties) = preSolution
		HideSolutionNode = FALSE
	EndGlobalSection
	GlobalSection(ExtensibilityGlobals) = postSolution
		SolutionGuid = {F5865065-F68E-457B-B2A7-669F104A44C1}
	EndGlobalSection
EndGlobal
